
Microsoft Visual Studio Solution File, Format Version 12.00
# Visual Studio Version 17
VisualStudioVersion = 17.0.32014.148
MinimumVisualStudioVersion = 10.0.40219.1
Project("{9A19103F-16F7-4668-BE54-9A1E7A4F7556}") = "DiamondKata", "src\DiamondKata\DiamondKata.csproj", "{C2CB1AFE-13B9-4115-9795-B1B4DECCAAA5}"
EndProject
Project("{FAE04EC0-301F-11D3-BF4B-00C04F79EFBC}") = "DiamondKata.Tests", "src\DiamondKata.Tests\DiamondKata.Tests.csproj", "{7D891E4E-C4AA-4913-90CB-C2B8CA494320}"
EndProject
Global
	GlobalSection(SolutionConfigurationPlatforms) = preSolution
		Debug|Any CPU = Debug|Any CPU
		Release|Any CPU = Release|Any CPU
	EndGlobalSection
	GlobalSection(ProjectConfigurationPlatforms) = postSolution
		{C2CB1AFE-13B9-4115-9795-B1B4DECCAAA5}.Debug|Any CPU.ActiveCfg = Debug|Any CPU
		{C2CB1AFE-13B9-4115-9795-B1B4DECCAAA5}.Debug|Any CPU.Build.0 = Debug|Any CPU
		{C2CB1AFE-13B9-4115-9795-B1B4DECCAAA5}.Release|Any CPU.ActiveCfg = Release|Any CPU
		{C2CB1AFE-13B9-4115-9795-B1B4DECCAAA5}.Release|Any CPU.Build.0 = Release|Any CPU
		{7D891E4E-C4AA-4913-90CB-C2B8CA494320}.Debug|Any CPU.ActiveCfg = Debug|Any CPU
		{7D891E4E-C4AA-4913-90CB-C2B8CA494320}.Debug|Any CPU.Build.0 = Debug|Any CPU
		{7D891E4E-C4AA-4913-90CB-C2B8CA494320}.Release|Any CPU.ActiveCfg = Release|Any CPU
		{7D891E4E-C4AA-4913-90CB-C2B8CA494320}.Release|Any CPU.Build.0 = Release|Any CPU
	EndGlobalSection
	GlobalSection(SolutionProperties) = preSolution
		HideSolutionNode = FALSE
	EndGlobalSection
	GlobalSection(ExtensibilityGlobals) = postSolution
		SolutionGuid = {7F75C02A-B013-40A0-9A34-2F9E41E15626}
	EndGlobalSection
EndGlobal
